
Microsoft Visual Studio Solution File, Format Version 12.00
Project("{FAE04EC0-301F-11D3-BF4B-00C04F79EFBC}") = "RailwaySystem", "RailwaySystem\RailwaySystem.csproj", "{322172FC-D778-4C16-BDA3-204451CFC6D7}"
EndProject
Project("{FAE04EC0-301F-11D3-BF4B-00C04F79EFBC}") = "RailwaySystemTest", "RailwaySystemTest\RailwaySystemTest.csproj", "{9592B747-88E3-48AD-9B28-162BD2595170}"
EndProject
Global
	GlobalSection(SolutionConfigurationPlatforms) = preSolution
		Debug|Any CPU = Debug|Any CPU
		Release|Any CPU = Release|Any CPU
	EndGlobalSection
	GlobalSection(ProjectConfigurationPlatforms) = postSolution
		{322172FC-D778-4C16-BDA3-204451CFC6D7}.Debug|Any CPU.ActiveCfg = Debug|Any CPU
		{322172FC-D778-4C16-BDA3-204451CFC6D7}.Debug|Any CPU.Build.0 = Debug|Any CPU
		{322172FC-D778-4C16-BDA3-204451CFC6D7}.Release|Any CPU.ActiveCfg = Release|Any CPU
		{322172FC-D778-4C16-BDA3-204451CFC6D7}.Release|Any CPU.Build.0 = Release|Any CPU
		{9592B747-88E3-48AD-9B28-162BD2595170}.Debug|Any CPU.ActiveCfg = Debug|Any CPU
		{9592B747-88E3-48AD-9B28-162BD2595170}.Debug|Any CPU.Build.0 = Debug|Any CPU
		{9592B747-88E3-48AD-9B28-162BD2595170}.Release|Any CPU.ActiveCfg = Release|Any CPU
		{9592B747-88E3-48AD-9B28-162BD2595170}.Release|Any CPU.Build.0 = Release|Any CPU
	EndGlobalSection
EndGlobal
